
Microsoft Visual Studio Solution File, Format Version 12.00
# Visual Studio Version 17
VisualStudioVersion = 17.11.35222.181
MinimumVisualStudioVersion = 10.0.40219.1
Project("{FAE04EC0-301F-11D3-BF4B-00C04F79EFBC}") = "FirstWebAPI", "FirstWebAPI\FirstWebAPI.csproj", "{3D268298-6374-4AD6-BDA1-1813765772C2}"
EndProject
Global
	GlobalSection(SolutionConfigurationPlatforms) = preSolution
		Debug|Any CPU = Debug|Any CPU
		Release|Any CPU = Release|Any CPU
	EndGlobalSection
	GlobalSection(ProjectConfigurationPlatforms) = postSolution
		{3D268298-6374-4AD6-BDA1-1813765772C2}.Debug|Any CPU.ActiveCfg = Debug|Any CPU
		{3D268298-6374-4AD6-BDA1-1813765772C2}.Debug|Any CPU.Build.0 = Debug|Any CPU
		{3D268298-6374-4AD6-BDA1-1813765772C2}.Release|Any CPU.ActiveCfg = Release|Any CPU
		{3D268298-6374-4AD6-BDA1-1813765772C2}.Release|Any CPU.Build.0 = Release|Any CPU
	EndGlobalSection
	GlobalSection(SolutionProperties) = preSolution
		HideSolutionNode = FALSE
	EndGlobalSection
	GlobalSection(ExtensibilityGlobals) = postSolution
		SolutionGuid = {67FDE3B7-7121-45C7-A6F5-0D551B3381E0}
	EndGlobalSection
EndGlobal
